
Microsoft Visual Studio Solution File, Format Version 12.00
# Visual Studio Version 17
VisualStudioVersion = 17.4.33403.182
MinimumVisualStudioVersion = 10.0.40219.1
Project("{9A19103F-16F7-4668-BE54-9A1E7A4F7556}") = "MainApp", "MainApp\MainApp.csproj", "{C44AFC49-8941-4C82-9FBB-22DE2A7376FF}"
EndProject
Project("{9A19103F-16F7-4668-BE54-9A1E7A4F7556}") = "PluginSDK", "PluginSDK\PluginSDK.csproj", "{E4133451-DC64-40F1-B3ED-D89C7047E577}"
EndProject
Project("{2150E333-8FDC-42A3-9474-1A3956D46DE8}") = "Plugins", "Plugins", "{8BF20B1D-BDF8-4104-A2C0-EE28AB6184E7}"
EndProject
Project("{9A19103F-16F7-4668-BE54-9A1E7A4F7556}") = "ProjM", "Plugins\ProjM\ProjM.csproj", "{C8F52009-7899-46D0-A495-C5471AEEF46F}"
EndProject
Project("{9A19103F-16F7-4668-BE54-9A1E7A4F7556}") = "MyDesktopCards", "Plugins\MyDesktopCards\MyDesktopCards.csproj", "{77006652-4531-46D1-876E-0C696D808579}"
EndProject
Project("{2150E333-8FDC-42A3-9474-1A3956D46DE8}") = "Vendor", "Vendor", "{07758244-3960-47FC-B0ED-DC2776B324C7}"
EndProject
Project("{9A19103F-16F7-4668-BE54-9A1E7A4F7556}") = "CZGL.SystemInfo", "Vendor\CZGL.SystemInfo\CZGL.SystemInfo.csproj", "{DAA4F70D-5733-4CC8-A876-749FF8284A95}"
EndProject
Project("{9A19103F-16F7-4668-BE54-9A1E7A4F7556}") = "PackageTest", "Vendor\PackageTest\PackageTest.csproj", "{0B9D2627-9C2A-4334-8867-85B7E52CC751}"
EndProject
Project("{8BC9CEB8-8B4A-11D0-8D11-00A0C91BC942}") = "FindSysListView32", "Vendor\FindSysListView32\FindSysListView32.vcxproj", "{6BC8F7D8-88AD-4132-8D49-83A15BB1D6A6}"
EndProject
Project("{9A19103F-16F7-4668-BE54-9A1E7A4F7556}") = "SpineViewer", "Plugins\SpineViewer\SpineViewer.csproj", "{B1CB0FCA-2DBD-43DC-A8B5-FA5CA5DA185F}"
EndProject
Project("{9A19103F-16F7-4668-BE54-9A1E7A4F7556}") = "ChatGPT", "Plugins\ChatGPT\ChatGPT.csproj", "{E203FAFA-2F61-4D30-B1DC-01A41F523949}"
EndProject
Global
	GlobalSection(SolutionConfigurationPlatforms) = preSolution
		Debug|Any CPU = Debug|Any CPU
		Debug|x64 = Debug|x64
		Debug|x86 = Debug|x86
		Release|Any CPU = Release|Any CPU
		Release|x64 = Release|x64
		Release|x86 = Release|x86
	EndGlobalSection
	GlobalSection(ProjectConfigurationPlatforms) = postSolution
		{C44AFC49-8941-4C82-9FBB-22DE2A7376FF}.Debug|Any CPU.ActiveCfg = Debug|Any CPU
		{C44AFC49-8941-4C82-9FBB-22DE2A7376FF}.Debug|Any CPU.Build.0 = Debug|Any CPU
		{C44AFC49-8941-4C82-9FBB-22DE2A7376FF}.Debug|x64.ActiveCfg = Debug|Any CPU
		{C44AFC49-8941-4C82-9FBB-22DE2A7376FF}.Debug|x64.Build.0 = Debug|Any CPU
		{C44AFC49-8941-4C82-9FBB-22DE2A7376FF}.Debug|x86.ActiveCfg = Debug|Any CPU
		{C44AFC49-8941-4C82-9FBB-22DE2A7376FF}.Debug|x86.Build.0 = Debug|Any CPU
		{C44AFC49-8941-4C82-9FBB-22DE2A7376FF}.Release|Any CPU.ActiveCfg = Release|Any CPU
		{C44AFC49-8941-4C82-9FBB-22DE2A7376FF}.Release|Any CPU.Build.0 = Release|Any CPU
		{C44AFC49-8941-4C82-9FBB-22DE2A7376FF}.Release|x64.ActiveCfg = Release|Any CPU
		{C44AFC49-8941-4C82-9FBB-22DE2A7376FF}.Release|x64.Build.0 = Release|Any CPU
		{C44AFC49-8941-4C82-9FBB-22DE2A7376FF}.Release|x86.ActiveCfg = Release|Any CPU
		{C44AFC49-8941-4C82-9FBB-22DE2A7376FF}.Release|x86.Build.0 = Release|Any CPU
		{E4133451-DC64-40F1-B3ED-D89C7047E577}.Debug|Any CPU.ActiveCfg = Debug|Any CPU
		{E4133451-DC64-40F1-B3ED-D89C7047E577}.Debug|Any CPU.Build.0 = Debug|Any CPU
		{E4133451-DC64-40F1-B3ED-D89C7047E577}.Debug|x64.ActiveCfg = Debug|Any CPU
		{E4133451-DC64-40F1-B3ED-D89C7047E577}.Debug|x64.Build.0 = Debug|Any CPU
		{E4133451-DC64-40F1-B3ED-D89C7047E577}.Debug|x86.ActiveCfg = Debug|Any CPU
		{E4133451-DC64-40F1-B3ED-D89C7047E577}.Debug|x86.Build.0 = Debug|Any CPU
		{E4133451-DC64-40F1-B3ED-D89C7047E577}.Release|Any CPU.ActiveCfg = Release|Any CPU
		{E4133451-DC64-40F1-B3ED-D89C7047E577}.Release|Any CPU.Build.0 = Release|Any CPU
		{E4133451-DC64-40F1-B3ED-D89C7047E577}.Release|x64.ActiveCfg = Release|Any CPU
		{E4133451-DC64-40F1-B3ED-D89C7047E577}.Release|x64.Build.0 = Release|Any CPU
		{E4133451-DC64-40F1-B3ED-D89C7047E577}.Release|x86.ActiveCfg = Release|Any CPU
		{E4133451-DC64-40F1-B3ED-D89C7047E577}.Release|x86.Build.0 = Release|Any CPU
		{C8F52009-7899-46D0-A495-C5471AEEF46F}.Debug|Any CPU.ActiveCfg = Debug|Any CPU
		{C8F52009-7899-46D0-A495-C5471AEEF46F}.Debug|Any CPU.Build.0 = Debug|Any CPU
		{C8F52009-7899-46D0-A495-C5471AEEF46F}.Debug|x64.ActiveCfg = Debug|Any CPU
		{C8F52009-7899-46D0-A495-C5471AEEF46F}.Debug|x64.Build.0 = Debug|Any CPU
		{C8F52009-7899-46D0-A495-C5471AEEF46F}.Debug|x86.ActiveCfg = Debug|Any CPU
		{C8F52009-7899-46D0-A495-C5471AEEF46F}.Debug|x86.Build.0 = Debug|Any CPU
		{C8F52009-7899-46D0-A495-C5471AEEF46F}.Release|Any CPU.ActiveCfg = Release|Any CPU
		{C8F52009-7899-46D0-A495-C5471AEEF46F}.Release|Any CPU.Build.0 = Release|Any CPU
		{C8F52009-7899-46D0-A495-C5471AEEF46F}.Release|x64.ActiveCfg = Release|Any CPU
		{C8F52009-7899-46D0-A495-C5471AEEF46F}.Release|x64.Build.0 = Release|Any CPU
		{C8F52009-7899-46D0-A495-C5471AEEF46F}.Release|x86.ActiveCfg = Release|Any CPU
		{C8F52009-7899-46D0-A495-C5471AEEF46F}.Release|x86.Build.0 = Release|Any CPU
		{77006652-4531-46D1-876E-0C696D808579}.Debug|Any CPU.ActiveCfg = Debug|Any CPU
		{77006652-4531-46D1-876E-0C696D808579}.Debug|Any CPU.Build.0 = Debug|Any CPU
		{77006652-4531-46D1-876E-0C696D808579}.Debug|x64.ActiveCfg = Debug|Any CPU
		{77006652-4531-46D1-876E-0C696D808579}.Debug|x64.Build.0 = Debug|Any CPU
		{77006652-4531-46D1-876E-0C696D808579}.Debug|x86.ActiveCfg = Debug|Any CPU
		{77006652-4531-46D1-876E-0C696D808579}.Debug|x86.Build.0 = Debug|Any CPU
		{77006652-4531-46D1-876E-0C696D808579}.Release|Any CPU.ActiveCfg = Release|Any CPU
		{77006652-4531-46D1-876E-0C696D808579}.Release|Any CPU.Build.0 = Release|Any CPU
		{77006652-4531-46D1-876E-0C696D808579}.Release|x64.ActiveCfg = Release|Any CPU
		{77006652-4531-46D1-876E-0C696D808579}.Release|x64.Build.0 = Release|Any CPU
		{77006652-4531-46D1-876E-0C696D808579}.Release|x86.ActiveCfg = Release|Any CPU
		{77006652-4531-46D1-876E-0C696D808579}.Release|x86.Build.0 = Release|Any CPU
		{DAA4F70D-5733-4CC8-A876-749FF8284A95}.Debug|Any CPU.ActiveCfg = Debug|Any CPU
		{DAA4F70D-5733-4CC8-A876-749FF8284A95}.Debug|Any CPU.Build.0 = Debug|Any CPU
		{DAA4F70D-5733-4CC8-A876-749FF8284A95}.Debug|x64.ActiveCfg = Debug|Any CPU
		{DAA4F70D-5733-4CC8-A876-749FF8284A95}.Debug|x64.Build.0 = Debug|Any CPU
		{DAA4F70D-5733-4CC8-A876-749FF8284A95}.Debug|x86.ActiveCfg = Debug|Any CPU
		{DAA4F70D-5733-4CC8-A876-749FF8284A95}.Debug|x86.Build.0 = Debug|Any CPU
		{DAA4F70D-5733-4CC8-A876-749FF8284A95}.Release|Any CPU.ActiveCfg = Release|Any CPU
		{DAA4F70D-5733-4CC8-A876-749FF8284A95}.Release|Any CPU.Build.0 = Release|Any CPU
		{DAA4F70D-5733-4CC8-A876-749FF8284A95}.Release|x64.ActiveCfg = Release|Any CPU
		{DAA4F70D-5733-4CC8-A876-749FF8284A95}.Release|x64.Build.0 = Release|Any CPU
		{DAA4F70D-5733-4CC8-A876-749FF8284A95}.Release|x86.ActiveCfg = Release|Any CPU
		{DAA4F70D-5733-4CC8-A876-749FF8284A95}.Release|x86.Build.0 = Release|Any CPU
		{0B9D2627-9C2A-4334-8867-85B7E52CC751}.Debug|Any CPU.ActiveCfg = Debug|Any CPU
		{0B9D2627-9C2A-4334-8867-85B7E52CC751}.Debug|Any CPU.Build.0 = Debug|Any CPU
		{0B9D2627-9C2A-4334-8867-85B7E52CC751}.Debug|x64.ActiveCfg = Debug|Any CPU
		{0B9D2627-9C2A-4334-8867-85B7E52CC751}.Debug|x64.Build.0 = Debug|Any CPU
		{0B9D2627-9C2A-4334-8867-85B7E52CC751}.Debug|x86.ActiveCfg = Debug|Any CPU
		{0B9D2627-9C2A-4334-8867-85B7E52CC751}.Debug|x86.Build.0 = Debug|Any CPU
		{0B9D2627-9C2A-4334-8867-85B7E52CC751}.Release|Any CPU.ActiveCfg = Release|Any CPU
		{0B9D2627-9C2A-4334-8867-85B7E52CC751}.Release|Any CPU.Build.0 = Release|Any CPU
		{0B9D2627-9C2A-4334-8867-85B7E52CC751}.Release|x64.ActiveCfg = Release|Any CPU
		{0B9D2627-9C2A-4334-8867-85B7E52CC751}.Release|x64.Build.0 = Release|Any CPU
		{0B9D2627-9C2A-4334-8867-85B7E52CC751}.Release|x86.ActiveCfg = Release|Any CPU
		{0B9D2627-9C2A-4334-8867-85B7E52CC751}.Release|x86.Build.0 = Release|Any CPU
		{6BC8F7D8-88AD-4132-8D49-83A15BB1D6A6}.Debug|Any CPU.ActiveCfg = Debug|x64
		{6BC8F7D8-88AD-4132-8D49-83A15BB1D6A6}.Debug|Any CPU.Build.0 = Debug|x64
		{6BC8F7D8-88AD-4132-8D49-83A15BB1D6A6}.Debug|x64.ActiveCfg = Debug|x64
		{6BC8F7D8-88AD-4132-8D49-83A15BB1D6A6}.Debug|x64.Build.0 = Debug|x64
		{6BC8F7D8-88AD-4132-8D49-83A15BB1D6A6}.Debug|x86.ActiveCfg = Debug|Win32
		{6BC8F7D8-88AD-4132-8D49-83A15BB1D6A6}.Debug|x86.Build.0 = Debug|Win32
		{6BC8F7D8-88AD-4132-8D49-83A15BB1D6A6}.Release|Any CPU.ActiveCfg = Release|x64
		{6BC8F7D8-88AD-4132-8D49-83A15BB1D6A6}.Release|Any CPU.Build.0 = Release|x64
		{6BC8F7D8-88AD-4132-8D49-83A15BB1D6A6}.Release|x64.ActiveCfg = Release|x64
		{6BC8F7D8-88AD-4132-8D49-83A15BB1D6A6}.Release|x64.Build.0 = Release|x64
		{6BC8F7D8-88AD-4132-8D49-83A15BB1D6A6}.Release|x86.ActiveCfg = Release|Win32
		{6BC8F7D8-88AD-4132-8D49-83A15BB1D6A6}.Release|x86.Build.0 = Release|Win32
		{B1CB0FCA-2DBD-43DC-A8B5-FA5CA5DA185F}.Debug|Any CPU.ActiveCfg = Debug|Any CPU
		{B1CB0FCA-2DBD-43DC-A8B5-FA5CA5DA185F}.Debug|Any CPU.Build.0 = Debug|Any CPU
		{B1CB0FCA-2DBD-43DC-A8B5-FA5CA5DA185F}.Debug|x64.ActiveCfg = Debug|Any CPU
		{B1CB0FCA-2DBD-43DC-A8B5-FA5CA5DA185F}.Debug|x64.Build.0 = Debug|Any CPU
		{B1CB0FCA-2DBD-43DC-A8B5-FA5CA5DA185F}.Debug|x86.ActiveCfg = Debug|Any CPU
		{B1CB0FCA-2DBD-43DC-A8B5-FA5CA5DA185F}.Debug|x86.Build.0 = Debug|Any CPU
		{B1CB0FCA-2DBD-43DC-A8B5-FA5CA5DA185F}.Release|Any CPU.ActiveCfg = Release|Any CPU
		{B1CB0FCA-2DBD-43DC-A8B5-FA5CA5DA185F}.Release|Any CPU.Build.0 = Release|Any CPU
		{B1CB0FCA-2DBD-43DC-A8B5-FA5CA5DA185F}.Release|x64.ActiveCfg = Release|Any CPU
		{B1CB0FCA-2DBD-43DC-A8B5-FA5CA5DA185F}.Release|x64.Build.0 = Release|Any CPU
		{B1CB0FCA-2DBD-43DC-A8B5-FA5CA5DA185F}.Release|x86.ActiveCfg = Release|Any CPU
		{B1CB0FCA-2DBD-43DC-A8B5-FA5CA5DA185F}.Release|x86.Build.0 = Release|Any CPU
		{E203FAFA-2F61-4D30-B1DC-01A41F523949}.Debug|Any CPU.ActiveCfg = Debug|Any CPU
		{E203FAFA-2F61-4D30-B1DC-01A41F523949}.Debug|Any CPU.Build.0 = Debug|Any CPU
		{E203FAFA-2F61-4D30-B1DC-01A41F523949}.Debug|x64.ActiveCfg = Debug|Any CPU
		{E203FAFA-2F61-4D30-B1DC-01A41F523949}.Debug|x64.Build.0 = Debug|Any CPU
		{E203FAFA-2F61-4D30-B1DC-01A41F523949}.Debug|x86.ActiveCfg = Debug|Any CPU
		{E203FAFA-2F61-4D30-B1DC-01A41F523949}.Debug|x86.Build.0 = Debug|Any CPU
		{E203FAFA-2F61-4D30-B1DC-01A41F523949}.Release|Any CPU.ActiveCfg = Release|Any CPU
		{E203FAFA-2F61-4D30-B1DC-01A41F523949}.Release|Any CPU.Build.0 = Release|Any CPU
		{E203FAFA-2F61-4D30-B1DC-01A41F523949}.Release|x64.ActiveCfg = Release|Any CPU
		{E203FAFA-2F61-4D30-B1DC-01A41F523949}.Release|x64.Build.0 = Release|Any CPU
		{E203FAFA-2F61-4D30-B1DC-01A41F523949}.Release|x86.ActiveCfg = Release|Any CPU
		{E203FAFA-2F61-4D30-B1DC-01A41F523949}.Release|x86.Build.0 = Release|Any CPU
	EndGlobalSection
	GlobalSection(SolutionProperties) = preSolution
		HideSolutionNode = FALSE
	EndGlobalSection
	GlobalSection(NestedProjects) = preSolution
		{C8F52009-7899-46D0-A495-C5471AEEF46F} = {8BF20B1D-BDF8-4104-A2C0-EE28AB6184E7}
		{77006652-4531-46D1-876E-0C696D808579} = {8BF20B1D-BDF8-4104-A2C0-EE28AB6184E7}
		{DAA4F70D-5733-4CC8-A876-749FF8284A95} = {07758244-3960-47FC-B0ED-DC2776B324C7}
		{0B9D2627-9C2A-4334-8867-85B7E52CC751} = {07758244-3960-47FC-B0ED-DC2776B324C7}
		{6BC8F7D8-88AD-4132-8D49-83A15BB1D6A6} = {07758244-3960-47FC-B0ED-DC2776B324C7}
		{B1CB0FCA-2DBD-43DC-A8B5-FA5CA5DA185F} = {8BF20B1D-BDF8-4104-A2C0-EE28AB6184E7}
		{E203FAFA-2F61-4D30-B1DC-01A41F523949} = {8BF20B1D-BDF8-4104-A2C0-EE28AB6184E7}
	EndGlobalSection
	GlobalSection(ExtensibilityGlobals) = postSolution
		SolutionGuid = {642E6D3A-61A3-4FF9-A0B6-58BCD14888EE}
	EndGlobalSection
EndGlobal
